// !$*UTF8*$!
{
	archiveVersion = 1;
	classes = {
	};
	objectVersion = 50;
	objects = {

/* Begin PBXBuildFile section */
		2F52315B229C10E000FF3067 /* NotificationVC.swift in Sources */ = {isa = PBXBuildFile; fileRef = 2F52315A229C10E000FF3067 /* NotificationVC.swift */; };
		7D19329F21031737004E5FC7 /* AppDelegate.swift in Sources */ = {isa = PBXBuildFile; fileRef = 7D19329E21031737004E5FC7 /* AppDelegate.swift */; };
		7D1932A121031737004E5FC7 /* ViewController.swift in Sources */ = {isa = PBXBuildFile; fileRef = 7D1932A021031737004E5FC7 /* ViewController.swift */; };
		7D1932A421031737004E5FC7 /* Main.storyboard in Resources */ = {isa = PBXBuildFile; fileRef = 7D1932A221031737004E5FC7 /* Main.storyboard */; };
		7D1932A721031737004E5FC7 /* Capabilities.xcdatamodeld in Sources */ = {isa = PBXBuildFile; fileRef = 7D1932A521031737004E5FC7 /* Capabilities.xcdatamodeld */; };
		7D1932A921031738004E5FC7 /* Assets.xcassets in Resources */ = {isa = PBXBuildFile; fileRef = 7D1932A821031738004E5FC7 /* Assets.xcassets */; };
		7D1932AC21031738004E5FC7 /* LaunchScreen.storyboard in Resources */ = {isa = PBXBuildFile; fileRef = 7D1932AA21031738004E5FC7 /* LaunchScreen.storyboard */; };
		7D2F7F1E2107E55B00E07E30 /* DrawView.swift in Sources */ = {isa = PBXBuildFile; fileRef = 7D2F7F1D2107E55B00E07E30 /* DrawView.swift */; };
		7D2F7F202108197400E07E30 /* MapViewController.swift in Sources */ = {isa = PBXBuildFile; fileRef = 7D2F7F1F2108197400E07E30 /* MapViewController.swift */; };
		7D6F7383210974EB00E97813 /* NoteViewController.swift in Sources */ = {isa = PBXBuildFile; fileRef = 7D6F7382210974EB00E97813 /* NoteViewController.swift */; };
		7D8FC17821189BCB00F40C73 /* AnimationViewController.swift in Sources */ = {isa = PBXBuildFile; fileRef = 7D8FC17721189BCB00F40C73 /* AnimationViewController.swift */; };
		7D9A203D211A16EE00B5BAE6 /* MotionViewController.swift in Sources */ = {isa = PBXBuildFile; fileRef = 7D9A203C211A16EE00B5BAE6 /* MotionViewController.swift */; };
		7DAB0E902115F8140086A41C /* TableViewController.swift in Sources */ = {isa = PBXBuildFile; fileRef = 7DAB0E8F2115F8140086A41C /* TableViewController.swift */; };
		7DC8A603211D7BC500E81C4D /* NetworkViewController.swift in Sources */ = {isa = PBXBuildFile; fileRef = 7DC8A602211D7BC500E81C4D /* NetworkViewController.swift */; };
		7DC8A606211DA59800E81C4D /* WebKit.framework in Frameworks */ = {isa = PBXBuildFile; fileRef = 7DC8A605211DA59800E81C4D /* WebKit.framework */; };
/* End PBXBuildFile section */

/* Begin PBXFileReference section */
		2F52315A229C10E000FF3067 /* NotificationVC.swift */ = {isa = PBXFileReference; lastKnownFileType = sourcecode.swift; path = NotificationVC.swift; sourceTree = "<group>"; };
		7D19329B21031737004E5FC7 /* Capabilities.app */ = {isa = PBXFileReference; explicitFileType = wrapper.application; includeInIndex = 0; path = Capabilities.app; sourceTree = BUILT_PRODUCTS_DIR; };
		7D19329E21031737004E5FC7 /* AppDelegate.swift */ = {isa = PBXFileReference; lastKnownFileType = sourcecode.swift; path = AppDelegate.swift; sourceTree = "<group>"; };
		7D1932A021031737004E5FC7 /* ViewController.swift */ = {isa = PBXFileReference; lastKnownFileType = sourcecode.swift; path = ViewController.swift; sourceTree = "<group>"; };
		7D1932A321031737004E5FC7 /* Base */ = {isa = PBXFileReference; lastKnownFileType = file.storyboard; name = Base; path = Base.lproj/Main.storyboard; sourceTree = "<group>"; };
		7D1932A621031737004E5FC7 /* Capabilities.xcdatamodel */ = {isa = PBXFileReference; lastKnownFileType = wrapper.xcdatamodel; path = Capabilities.xcdatamodel; sourceTree = "<group>"; };
		7D1932A821031738004E5FC7 /* Assets.xcassets */ = {isa = PBXFileReference; lastKnownFileType = folder.assetcatalog; path = Assets.xcassets; sourceTree = "<group>"; };
		7D1932AB21031738004E5FC7 /* Base */ = {isa = PBXFileReference; lastKnownFileType = file.storyboard; name = Base; path = Base.lproj/LaunchScreen.storyboard; sourceTree = "<group>"; };
		7D1932AD21031738004E5FC7 /* Info.plist */ = {isa = PBXFileReference; lastKnownFileType = text.plist.xml; path = Info.plist; sourceTree = "<group>"; };
		7D2F7F1D2107E55B00E07E30 /* DrawView.swift */ = {isa = PBXFileReference; lastKnownFileType = sourcecode.swift; path = DrawView.swift; sourceTree = "<group>"; };
		7D2F7F1F2108197400E07E30 /* MapViewController.swift */ = {isa = PBXFileReference; lastKnownFileType = sourcecode.swift; path = MapViewController.swift; sourceTree = "<group>"; };
		7D6F7382210974EB00E97813 /* NoteViewController.swift */ = {isa = PBXFileReference; lastKnownFileType = sourcecode.swift; path = NoteViewController.swift; sourceTree = "<group>"; };
		7D8FC17721189BCB00F40C73 /* AnimationViewController.swift */ = {isa = PBXFileReference; lastKnownFileType = sourcecode.swift; path = AnimationViewController.swift; sourceTree = "<group>"; };
		7D9A203C211A16EE00B5BAE6 /* MotionViewController.swift */ = {isa = PBXFileReference; lastKnownFileType = sourcecode.swift; path = MotionViewController.swift; sourceTree = "<group>"; };
		7DAB0E8F2115F8140086A41C /* TableViewController.swift */ = {isa = PBXFileReference; fileEncoding = 4; lastKnownFileType = sourcecode.swift; path = TableViewController.swift; sourceTree = "<group>"; };
		7DC8A602211D7BC500E81C4D /* NetworkViewController.swift */ = {isa = PBXFileReference; lastKnownFileType = sourcecode.swift; path = NetworkViewController.swift; sourceTree = "<group>"; };
		7DC8A605211DA59800E81C4D /* WebKit.framework */ = {isa = PBXFileReference; lastKnownFileType = wrapper.framework; name = WebKit.framework; path = System/Library/Frameworks/WebKit.framework; sourceTree = SDKROOT; };
/* End PBXFileReference section */

/* Begin PBXFrameworksBuildPhase section */
		7D19329821031736004E5FC7 /* Frameworks */ = {
			isa = PBXFrameworksBuildPhase;
			buildActionMask = 2147483647;
			files = (
				7DC8A606211DA59800E81C4D /* WebKit.framework in Frameworks */,
			);
			runOnlyForDeploymentPostprocessing = 0;
		};
/* End PBXFrameworksBuildPhase section */

/* Begin PBXGroup section */
		7D19329221031736004E5FC7 = {
			isa = PBXGroup;
			children = (
				7D19329D21031737004E5FC7 /* Capabilities */,
				7D19329C21031737004E5FC7 /* Products */,
				7DC8A604211DA59800E81C4D /* Frameworks */,
			);
			sourceTree = "<group>";
		};
		7D19329C21031737004E5FC7 /* Products */ = {
			isa = PBXGroup;
			children = (
				7D19329B21031737004E5FC7 /* Capabilities.app */,
			);
			name = Products;
			sourceTree = "<group>";
		};
		7D19329D21031737004E5FC7 /* Capabilities */ = {
			isa = PBXGroup;
			children = (
				7D1932A221031737004E5FC7 /* Main.storyboard */,
				7D19329E21031737004E5FC7 /* AppDelegate.swift */,
				7D1932A021031737004E5FC7 /* ViewController.swift */,
				7D2F7F1D2107E55B00E07E30 /* DrawView.swift */,
				7D2F7F1F2108197400E07E30 /* MapViewController.swift */,
				7DC8A602211D7BC500E81C4D /* NetworkViewController.swift */,
				7D6F7382210974EB00E97813 /* NoteViewController.swift */,
				7DAB0E8F2115F8140086A41C /* TableViewController.swift */,
				7D8FC17721189BCB00F40C73 /* AnimationViewController.swift */,
				7D9A203C211A16EE00B5BAE6 /* MotionViewController.swift */,
				2F52315A229C10E000FF3067 /* NotificationVC.swift */,
				7D1932A521031737004E5FC7 /* Capabilities.xcdatamodeld */,
				7D1932AA21031738004E5FC7 /* LaunchScreen.storyboard */,
				7D1932A821031738004E5FC7 /* Assets.xcassets */,
				7D1932AD21031738004E5FC7 /* Info.plist */,
			);
			path = Capabilities;
			sourceTree = "<group>";
		};
		7DC8A604211DA59800E81C4D /* Frameworks */ = {
			isa = PBXGroup;
			children = (
				7DC8A605211DA59800E81C4D /* WebKit.framework */,
			);
			name = Frameworks;
			sourceTree = "<group>";
		};
/* End PBXGroup section */

/* Begin PBXNativeTarget section */
		7D19329A21031736004E5FC7 /* Capabilities */ = {
			isa = PBXNativeTarget;
			buildConfigurationList = 7D1932B021031738004E5FC7 /* Build configuration list for PBXNativeTarget "Capabilities" */;
			buildPhases = (
				7D19329721031736004E5FC7 /* Sources */,
				7D19329821031736004E5FC7 /* Frameworks */,
				7D19329921031736004E5FC7 /* Resources */,
			);
			buildRules = (
			);
			dependencies = (
			);
			name = Capabilities;
			productName = Capabilities;
			productReference = 7D19329B21031737004E5FC7 /* Capabilities.app */;
			productType = "com.apple.product-type.application";
		};
/* End PBXNativeTarget section */

/* Begin PBXProject section */
		7D19329321031736004E5FC7 /* Project object */ = {
			isa = PBXProject;
			attributes = {
				LastSwiftUpdateCheck = 1000;
				LastUpgradeCheck = 1000;
				ORGANIZATIONNAME = "Antoine Weber";
				TargetAttributes = {
					7D19329A21031736004E5FC7 = {
						CreatedOnToolsVersion = 10.0;
					};
				};
			};
			buildConfigurationList = 7D19329621031736004E5FC7 /* Build configuration list for PBXProject "Capabilities" */;
			compatibilityVersion = "Xcode 9.3";
			developmentRegion = en;
			hasScannedForEncodings = 0;
			knownRegions = (
				en,
				Base,
			);
			mainGroup = 7D19329221031736004E5FC7;
			productRefGroup = 7D19329C21031737004E5FC7 /* Products */;
			projectDirPath = "";
			projectRoot = "";
			targets = (
				7D19329A21031736004E5FC7 /* Capabilities */,
			);
		};
/* End PBXProject section */

/* Begin PBXResourcesBuildPhase section */
		7D19329921031736004E5FC7 /* Resources */ = {
			isa = PBXResourcesBuildPhase;
			buildActionMask = 2147483647;
			files = (
				7D1932AC21031738004E5FC7 /* LaunchScreen.storyboard in Resources */,
				7D1932A921031738004E5FC7 /* Assets.xcassets in Resources */,
				7D1932A421031737004E5FC7 /* Main.storyboard in Resources */,
			);
			runOnlyForDeploymentPostprocessing = 0;
		};
/* End PBXResourcesBuildPhase section */

/* Begin PBXSourcesBuildPhase section */
		7D19329721031736004E5FC7 /* Sources */ = {
			isa = PBXSourcesBuildPhase;
			buildActionMask = 2147483647;
			files = (
				7D1932A121031737004E5FC7 /* ViewController.swift in Sources */,
				7DAB0E902115F8140086A41C /* TableViewController.swift in Sources */,
				7D19329F21031737004E5FC7 /* AppDelegate.swift in Sources */,
				7DC8A603211D7BC500E81C4D /* NetworkViewController.swift in Sources */,
				7D2F7F1E2107E55B00E07E30 /* DrawView.swift in Sources */,
				7D2F7F202108197400E07E30 /* MapViewController.swift in Sources */,
				7D6F7383210974EB00E97813 /* NoteViewController.swift in Sources */,
				7D1932A721031737004E5FC7 /* Capabilities.xcdatamodeld in Sources */,
				7D8FC17821189BCB00F40C73 /* AnimationViewController.swift in Sources */,
				7D9A203D211A16EE00B5BAE6 /* MotionViewController.swift in Sources */,
				2F52315B229C10E000FF3067 /* NotificationVC.swift in Sources */,
			);
			runOnlyForDeploymentPostprocessing = 0;
		};
/* End PBXSourcesBuildPhase section */

/* Begin PBXVariantGroup section */
		7D1932A221031737004E5FC7 /* Main.storyboard */ = {
			isa = PBXVariantGroup;
			children = (
				7D1932A321031737004E5FC7 /* Base */,
			);
			name = Main.storyboard;
			sourceTree = "<group>";
		};
		7D1932AA21031738004E5FC7 /* LaunchScreen.storyboard */ = {
			isa = PBXVariantGroup;
			children = (
				7D1932AB21031738004E5FC7 /* Base */,
			);
			name = LaunchScreen.storyboard;
			sourceTree = "<group>";
		};
/* End PBXVariantGroup section */

/* Begin XCBuildConfiguration section */
		7D1932AE21031738004E5FC7 /* Debug */ = {
			isa = XCBuildConfiguration;
			buildSettings = {
				ALWAYS_SEARCH_USER_PATHS = NO;
				CLANG_ANALYZER_NONNULL = YES;
				CLANG_ANALYZER_NUMBER_OBJECT_CONVERSION = YES_AGGRESSIVE;
				CLANG_CXX_LANGUAGE_STANDARD = "gnu++14";
				CLANG_CXX_LIBRARY = "libc++";
				CLANG_ENABLE_MODULES = YES;
				CLANG_ENABLE_OBJC_ARC = YES;
				CLANG_ENABLE_OBJC_WEAK = YES;
				CLANG_WARN_BLOCK_CAPTURE_AUTORELEASING = YES;
				CLANG_WARN_BOOL_CONVERSION = YES;
				CLANG_WARN_COMMA = YES;
				CLANG_WARN_CONSTANT_CONVERSION = YES;
				CLANG_WARN_DEPRECATED_OBJC_IMPLEMENTATIONS = YES;
				CLANG_WARN_DIRECT_OBJC_ISA_USAGE = YES_ERROR;
				CLANG_WARN_DOCUMENTATION_COMMENTS = YES;
				CLANG_WARN_EMPTY_BODY = YES;
				CLANG_WARN_ENUM_CONVERSION = YES;
				CLANG_WARN_INFINITE_RECURSION = YES;
				CLANG_WARN_INT_CONVERSION = YES;
				CLANG_WARN_NON_LITERAL_NULL_CONVERSION = YES;
				CLANG_WARN_OBJC_IMPLICIT_RETAIN_SELF = YES;
				CLANG_WARN_OBJC_LITERAL_CONVERSION = YES;
				CLANG_WARN_OBJC_ROOT_CLASS = YES_ERROR;
				CLANG_WARN_RANGE_LOOP_ANALYSIS = YES;
				CLANG_WARN_STRICT_PROTOTYPES = YES;
				CLANG_WARN_SUSPICIOUS_MOVE = YES;
				CLANG_WARN_UNGUARDED_AVAILABILITY = YES_AGGRESSIVE;
				CLANG_WARN_UNREACHABLE_CODE = YES;
				CLANG_WARN__DUPLICATE_METHOD_MATCH = YES;
				CODE_SIGN_IDENTITY = "iPhone Developer";
				COPY_PHASE_STRIP = NO;
				DEBUG_INFORMATION_FORMAT = dwarf;
				ENABLE_STRICT_OBJC_MSGSEND = YES;
				ENABLE_TESTABILITY = YES;
				GCC_C_LANGUAGE_STANDARD = gnu11;
				GCC_DYNAMIC_NO_PIC = NO;
				GCC_NO_COMMON_BLOCKS = YES;
				GCC_OPTIMIZATION_LEVEL = 0;
				GCC_PREPROCESSOR_DEFINITIONS = (
					"DEBUG=1",
					"$(inherited)",
				);
				GCC_WARN_64_TO_32_BIT_CONVERSION = YES;
				GCC_WARN_ABOUT_RETURN_TYPE = YES_ERROR;
				GCC_WARN_UNDECLARED_SELECTOR = YES;
				GCC_WARN_UNINITIALIZED_AUTOS = YES_AGGRESSIVE;
				GCC_WARN_UNUSED_FUNCTION = YES;
				GCC_WARN_UNUSED_VARIABLE = YES;
				IPHONEOS_DEPLOYMENT_TARGET = 12.0;
				MTL_ENABLE_DEBUG_INFO = INCLUDE_SOURCE;
				ONLY_ACTIVE_ARCH = YES;
				SDKROOT = iphoneos;
				SWIFT_ACTIVE_COMPILATION_CONDITIONS = DEBUG;
				SWIFT_OPTIMIZATION_LEVEL = "-Onone";
			};
			name = Debug;
		};
		7D1932AF21031738004E5FC7 /* Release */ = {
			isa = XCBuildConfiguration;
			buildSettings = {
				ALWAYS_SEARCH_USER_PATHS = NO;
				CLANG_ANALYZER_NONNULL = YES;
				CLANG_ANALYZER_NUMBER_OBJECT_CONVERSION = YES_AGGRESSIVE;
				CLANG_CXX_LANGUAGE_STANDARD = "gnu++14";
				CLANG_CXX_LIBRARY = "libc++";
				CLANG_ENABLE_MODULES = YES;
				CLANG_ENABLE_OBJC_ARC = YES;
				CLANG_ENABLE_OBJC_WEAK = YES;
				CLANG_WARN_BLOCK_CAPTURE_AUTORELEASING = YES;
				CLANG_WARN_BOOL_CONVERSION = YES;
				CLANG_WARN_COMMA = YES;
				CLANG_WARN_CONSTANT_CONVERSION = YES;
				CLANG_WARN_DEPRECATED_OBJC_IMPLEMENTATIONS = YES;
				CLANG_WARN_DIRECT_OBJC_ISA_USAGE = YES_ERROR;
				CLANG_WARN_DOCUMENTATION_COMMENTS = YES;
				CLANG_WARN_EMPTY_BODY = YES;
				CLANG_WARN_ENUM_CONVERSION = YES;
				CLANG_WARN_INFINITE_RECURSION = YES;
				CLANG_WARN_INT_CONVERSION = YES;
				CLANG_WARN_NON_LITERAL_NULL_CONVERSION = YES;
				CLANG_WARN_OBJC_IMPLICIT_RETAIN_SELF = YES;
				CLANG_WARN_OBJC_LITERAL_CONVERSION = YES;
				CLANG_WARN_OBJC_ROOT_CLASS = YES_ERROR;
				CLANG_WARN_RANGE_LOOP_ANALYSIS = YES;
				CLANG_WARN_STRICT_PROTOTYPES = YES;
				CLANG_WARN_SUSPICIOUS_MOVE = YES;
				CLANG_WARN_UNGUARDED_AVAILABILITY = YES_AGGRESSIVE;
				CLANG_WARN_UNREACHABLE_CODE = YES;
				CLANG_WARN__DUPLICATE_METHOD_MATCH = YES;
				CODE_SIGN_IDENTITY = "iPhone Developer";
				COPY_PHASE_STRIP = NO;
				DEBUG_INFORMATION_FORMAT = "dwarf-with-dsym";
				ENABLE_NS_ASSERTIONS = NO;
				ENABLE_STRICT_OBJC_MSGSEND = YES;
				GCC_C_LANGUAGE_STANDARD = gnu11;
				GCC_NO_COMMON_BLOCKS = YES;
				GCC_WARN_64_TO_32_BIT_CONVERSION = YES;
				GCC_WARN_ABOUT_RETURN_TYPE = YES_ERROR;
				GCC_WARN_UNDECLARED_SELECTOR = YES;
				GCC_WARN_UNINITIALIZED_AUTOS = YES_AGGRESSIVE;
				GCC_WARN_UNUSED_FUNCTION = YES;
				GCC_WARN_UNUSED_VARIABLE = YES;
				IPHONEOS_DEPLOYMENT_TARGET = 12.0;
				MTL_ENABLE_DEBUG_INFO = NO;
				SDKROOT = iphoneos;
				SWIFT_COMPILATION_MODE = wholemodule;
				SWIFT_OPTIMIZATION_LEVEL = "-O";
				VALIDATE_PRODUCT = YES;
			};
			name = Release;
		};
		7D1932B121031738004E5FC7 /* Debug */ = {
			isa = XCBuildConfiguration;
			buildSettings = {
				ASSETCATALOG_COMPILER_APPICON_NAME = AppIcon;
				CODE_SIGN_STYLE = Automatic;
				DEVELOPMENT_TEAM = B5G2XX6DXX;
				INFOPLIST_FILE = Capabilities/Info.plist;
				LD_RUNPATH_SEARCH_PATHS = (
					"$(inherited)",
					"@executable_path/Frameworks",
				);
				PRODUCT_BUNDLE_IDENTIFIER = laddyvia.Capabilities;
				PRODUCT_NAME = "$(TARGET_NAME)";
				SWIFT_VERSION = 4.2;
				TARGETED_DEVICE_FAMILY = "1,2";
			};
			name = Debug;
		};
		7D1932B221031738004E5FC7 /* Release */ = {
			isa = XCBuildConfiguration;
			buildSettings = {
				ASSETCATALOG_COMPILER_APPICON_NAME = AppIcon;
				CODE_SIGN_STYLE = Automatic;
				DEVELOPMENT_TEAM = B5G2XX6DXX;
				INFOPLIST_FILE = Capabilities/Info.plist;
				LD_RUNPATH_SEARCH_PATHS = (
					"$(inherited)",
					"@executable_path/Frameworks",
				);
				PRODUCT_BUNDLE_IDENTIFIER = laddyvia.Capabilities;
				PRODUCT_NAME = "$(TARGET_NAME)";
				SWIFT_VERSION = 4.2;
				TARGETED_DEVICE_FAMILY = "1,2";
			};
			name = Release;
		};
/* End XCBuildConfiguration section */

/* Begin XCConfigurationList section */
		7D19329621031736004E5FC7 /* Build configuration list for PBXProject "Capabilities" */ = {
			isa = XCConfigurationList;
			buildConfigurations = (
				7D1932AE21031738004E5FC7 /* Debug */,
				7D1932AF21031738004E5FC7 /* Release */,
			);
			defaultConfigurationIsVisible = 0;
			defaultConfigurationName = Release;
		};
		7D1932B021031738004E5FC7 /* Build configuration list for PBXNativeTarget "Capabilities" */ = {
			isa = XCConfigurationList;
			buildConfigurations = (
				7D1932B121031738004E5FC7 /* Debug */,
				7D1932B221031738004E5FC7 /* Release */,
			);
			defaultConfigurationIsVisible = 0;
			defaultConfigurationName = Release;
		};
/* End XCConfigurationList section */

/* Begin XCVersionGroup section */
		7D1932A521031737004E5FC7 /* Capabilities.xcdatamodeld */ = {
			isa = XCVersionGroup;
			children = (
				7D1932A621031737004E5FC7 /* Capabilities.xcdatamodel */,
			);
			currentVersion = 7D1932A621031737004E5FC7 /* Capabilities.xcdatamodel */;
			path = Capabilities.xcdatamodeld;
			sourceTree = "<group>";
			versionGroupType = wrapper.xcdatamodel;
		};
/* End XCVersionGroup section */
	};
	rootObject = 7D19329321031736004E5FC7 /* Project object */;
}
